
Microsoft Visual Studio Solution File, Format Version 12.00
# Visual Studio Version 16
VisualStudioVersion = 16.0.32413.511
MinimumVisualStudioVersion = 10.0.40219.1
Project("{FAE04EC0-301F-11D3-BF4B-00C04F79EFBC}") = "EzLogger", "EzLogger.csproj", "{0B21678E-6E07-4312-9B94-F3FE88DAA5FC}"
EndProject
Global
	GlobalSection(SolutionConfigurationPlatforms) = preSolution
		Debug|Any CPU = Debug|Any CPU
		Release|Any CPU = Release|Any CPU
	EndGlobalSection
	GlobalSection(ProjectConfigurationPlatforms) = postSolution
		{0B21678E-6E07-4312-9B94-F3FE88DAA5FC}.Debug|Any CPU.ActiveCfg = Debug|Any CPU
		{0B21678E-6E07-4312-9B94-F3FE88DAA5FC}.Debug|Any CPU.Build.0 = Debug|Any CPU
		{0B21678E-6E07-4312-9B94-F3FE88DAA5FC}.Release|Any CPU.ActiveCfg = Release|Any CPU
		{0B21678E-6E07-4312-9B94-F3FE88DAA5FC}.Release|Any CPU.Build.0 = Release|Any CPU
	EndGlobalSection
	GlobalSection(SolutionProperties) = preSolution
		HideSolutionNode = FALSE
	EndGlobalSection
	GlobalSection(ExtensibilityGlobals) = postSolution
		SolutionGuid = {DC33F3C2-42E2-4FD7-BAE1-F84C430AD332}
	EndGlobalSection
EndGlobal
